<?xml version="1.0" encoding="utf-8"?>
<Project ToolsVersion="4.0" xmlns="http://schemas.microsoft.com/developer/msbuild/2003">
  <ItemGroup>
    <Filter Include="Source Files">
      <UniqueIdentifier>{4FC737F1-C7A5-4376-A066-2A32D752A2FF}</UniqueIdentifier>
      <Extensions>cpp;c;cc;cxx;c++;cppm;hpp;h;ixx;def;odl;idl;hpj;bat;asm;asmx</Extensions>
    </Filter>
    <Filter Include="Source Files\inc">
      <UniqueIdentifier>{34dbcfb1-2e14-4ab2-90e3-d9056922a9f5}</UniqueIdentifier>
    </Filter>
    <Filter Include="Source Files\std">
      <UniqueIdentifier>{73cdae4c-37b1-40cb-9ebf-a5f087cdfa67}</UniqueIdentifier>
    </Filter>
    <Filter Include="Source Files\vm">
      <UniqueIdentifier>{c030f7cf-c001-4142-8f19-6c35c5c98cfb}</UniqueIdentifier>
    </Filter>
    <Filter Include="Test Files">
      <UniqueIdentifier>{2632c855-5f69-4d41-baca-aa134a220bb4}</UniqueIdentifier>
    </Filter>
    <Filter Include="Test Files\lox">
      <UniqueIdentifier>{4b0ff55b-3c99-4e35-9ec3-f6b1541000ec}</UniqueIdentifier>
    </Filter>
    <Filter Include="Test Files\others">
      <UniqueIdentifier>{6c1efef5-3d78-4ab4-a783-36b01e9cbb9a}</UniqueIdentifier>
    </Filter>
  </ItemGroup>
  <ItemGroup>
    <ClCompile Include="main.c" />
    <ClCompile Include="src\vm\assert.c">
      <Filter>Source Files\vm</Filter>
    </ClCompile>
    <ClCompile Include="src\vm\chunk.c">
      <Filter>Source Files\vm</Filter>
    </ClCompile>
    <ClCompile Include="src\vm\compiler.c">
      <Filter>Source Files\vm</Filter>
    </ClCompile>
    <ClCompile Include="src\vm\debug.c">
      <Filter>Source Files\vm</Filter>
    </ClCompile>
    <ClCompile Include="src\vm\hash.c">
      <Filter>Source Files\vm</Filter>
    </ClCompile>
    <ClCompile Include="src\vm\memory.c">
      <Filter>Source Files\vm</Filter>
    </ClCompile>
    <ClCompile Include="src\vm\native.c">
      <Filter>Source Files\vm</Filter>
    </ClCompile>
    <ClCompile Include="src\vm\object.c">
      <Filter>Source Files\vm</Filter>
    </ClCompile>
    <ClCompile Include="src\vm\scanner.c">
      <Filter>Source Files\vm</Filter>
    </ClCompile>
    <ClCompile Include="src\vm\string.c">
      <Filter>Source Files\vm</Filter>
    </ClCompile>
    <ClCompile Include="src\vm\table.c">
      <Filter>Source Files\vm</Filter>
    </ClCompile>
    <ClCompile Include="src\vm\value.c">
      <Filter>Source Files\vm</Filter>
    </ClCompile>
    <ClCompile Include="src\vm\vm.c">
      <Filter>Source Files\vm</Filter>
    </ClCompile>
    <ClCompile Include="src\std\lang.c">
      <Filter>Source Files\std</Filter>
    </ClCompile>
    <ClCompile Include="src\inc\ini.c">
      <Filter>Source Files\inc</Filter>
    </ClCompile>
    <ClCompile Include="src\std\util.c">
      <Filter>Source Files\std</Filter>
    </ClCompile>
    <ClCompile Include="src\inc\pcg.c">
      <Filter>Source Files\inc</Filter>
    </ClCompile>
    <ClCompile Include="src\inc\regex.c">
      <Filter>Source Files\inc</Filter>
    </ClCompile>
    <ClCompile Include="src\vm\parser.c">
      <Filter>Source Files\vm</Filter>
    </ClCompile>
    <ClCompile Include="src\std\io.c">
      <Filter>Source Files\std</Filter>
    </ClCompile>
    <ClCompile Include="src\std\collection.c">
      <Filter>Source Files\std</Filter>
    </ClCompile>
    <ClCompile Include="src\vm\dict.c">
      <Filter>Source Files\vm</Filter>
    </ClCompile>
    <ClCompile Include="src\inc\uuid4.c">
      <Filter>Source Files\inc</Filter>
    </ClCompile>
  </ItemGroup>
  <ItemGroup>
    <None Include="test\lox\benchmark.lox">
      <Filter>Test Files\lox</Filter>
    </None>
    <None Include="test\lox\closure.lox">
      <Filter>Test Files\lox</Filter>
    </None>
    <None Include="test\lox\fibonacci.lox">
      <Filter>Test Files\lox</Filter>
    </None>
    <None Include="test\lox\fraction.lox">
      <Filter>Test Files\lox</Filter>
    </None>
    <None Include="test\lox\initializer.lox">
      <Filter>Test Files\lox</Filter>
    </None>
    <None Include="test\lox\invoke.lox">
      <Filter>Test Files\lox</Filter>
    </None>
    <None Include="test\lox\lang.lox">
      <Filter>Test Files\lox</Filter>
    </None>
    <None Include="test\lox\loop.lox">
      <Filter>Test Files\lox</Filter>
    </None>
    <None Include="test\lox\method.lox">
      <Filter>Test Files\lox</Filter>
    </None>
    <None Include="test\lox\native.lox">
      <Filter>Test Files\lox</Filter>
    </None>
    <None Include="test\lox\object.lox">
      <Filter>Test Files\lox</Filter>
    </None>
    <None Include="test\lox\receiver.lox">
      <Filter>Test Files\lox</Filter>
    </None>
    <None Include="test\lox\string.lox">
      <Filter>Test Files\lox</Filter>
    </None>
    <None Include="test\lox\sum.lox">
      <Filter>Test Files\lox</Filter>
    </None>
    <None Include="test\lox\super.lox">
      <Filter>Test Files\lox</Filter>
    </None>
    <None Include="test\lox\switch.lox">
      <Filter>Test Files\lox</Filter>
    </None>
    <None Include="README.md" />
    <None Include="clox.ini" />
    <None Include="test\lox\dictionary.lox">
      <Filter>Test Files\lox</Filter>
    </None>
    <None Include="test\lox\rand.lox">
      <Filter>Test Files\lox</Filter>
    </None>
    <None Include="test\lox\date.lox">
      <Filter>Test Files\lox</Filter>
    </None>
    <None Include="test\lox\regex.lox">
      <Filter>Test Files\lox</Filter>
    </None>
    <None Include="test\lox\lambda.lox">
      <Filter>Test Files\lox</Filter>
    </None>
    <None Include="test\lox\enumerate.lox">
      <Filter>Test Files\lox</Filter>
    </None>
    <None Include="test\lox\io.lox">
      <Filter>Test Files\lox</Filter>
    </None>
    <None Include="test\lox\file.lox">
      <Filter>Test Files\lox</Filter>
    </None>
    <None Include="test\lox\array.lox">
      <Filter>Test Files\lox</Filter>
    </None>
    <None Include="test\lox\set.lox">
      <Filter>Test Files\lox</Filter>
    </None>
    <None Include="test\lox\linkedlist.lox">
      <Filter>Test Files\lox</Filter>
    </None>
    <None Include="test\lox\stack.lox">
      <Filter>Test Files\lox</Filter>
    </None>
    <None Include="test\lox\queue.lox">
      <Filter>Test Files\lox</Filter>
    </None>
    <None Include="test\lox\variable.lox">
      <Filter>Test Files\lox</Filter>
    </None>
    <None Include="test\lox\range.lox">
      <Filter>Test Files\lox</Filter>
    </None>
    <None Include="test\lox\klass.lox">
      <Filter>Test Files\lox</Filter>
    </None>
    <None Include="test\lox\boundmethod.lox">
      <Filter>Test Files\lox</Filter>
    </None>
    <None Include="test\lox\trait.lox">
      <Filter>Test Files\lox</Filter>
    </None>
    <None Include="test\lox\uuid.lox">
      <Filter>Test Files\lox</Filter>
    </None>
    <None Include="test\lox\anonymous.lox">
      <Filter>Test Files\lox</Filter>
    </None>
    <None Include="test\lox\require.lox">
      <Filter>Test Files\lox</Filter>
    </None>
    <None Include="test\lox\reentrancy.lox">
      <Filter>Test Files\lox</Filter>
    </None>
  </ItemGroup>
  <ItemGroup>
    <ClInclude Include="src\vm\assert.h">
      <Filter>Source Files\vm</Filter>
    </ClInclude>
    <ClInclude Include="src\vm\chunk.h">
      <Filter>Source Files\vm</Filter>
    </ClInclude>
    <ClInclude Include="src\vm\common.h">
      <Filter>Source Files\vm</Filter>
    </ClInclude>
    <ClInclude Include="src\vm\compiler.h">
      <Filter>Source Files\vm</Filter>
    </ClInclude>
    <ClInclude Include="src\vm\debug.h">
      <Filter>Source Files\vm</Filter>
    </ClInclude>
    <ClInclude Include="src\vm\hash.h">
      <Filter>Source Files\vm</Filter>
    </ClInclude>
    <ClInclude Include="src\vm\memory.h">
      <Filter>Source Files\vm</Filter>
    </ClInclude>
    <ClInclude Include="src\vm\native.h">
      <Filter>Source Files\vm</Filter>
    </ClInclude>
    <ClInclude Include="src\vm\object.h">
      <Filter>Source Files\vm</Filter>
    </ClInclude>
    <ClInclude Include="src\vm\scanner.h">
      <Filter>Source Files\vm</Filter>
    </ClInclude>
    <ClInclude Include="src\vm\string.h">
      <Filter>Source Files\vm</Filter>
    </ClInclude>
    <ClInclude Include="src\vm\table.h">
      <Filter>Source Files\vm</Filter>
    </ClInclude>
    <ClInclude Include="src\vm\value.h">
      <Filter>Source Files\vm</Filter>
    </ClInclude>
    <ClInclude Include="src\vm\vm.h">
      <Filter>Source Files\vm</Filter>
    </ClInclude>
    <ClInclude Include="src\std\lang.h">
      <Filter>Source Files\std</Filter>
    </ClInclude>
    <ClInclude Include="src\inc\ini.h">
      <Filter>Source Files\inc</Filter>
    </ClInclude>
    <ClInclude Include="src\std\util.h">
      <Filter>Source Files\std</Filter>
    </ClInclude>
    <ClInclude Include="src\inc\pcg.h">
      <Filter>Source Files\inc</Filter>
    </ClInclude>
    <ClInclude Include="src\inc\regex.h">
      <Filter>Source Files\inc</Filter>
    </ClInclude>
    <ClInclude Include="src\vm\parser.h">
      <Filter>Source Files\vm</Filter>
    </ClInclude>
    <ClInclude Include="src\std\io.h">
      <Filter>Source Files\std</Filter>
    </ClInclude>
    <ClInclude Include="src\std\collection.h">
      <Filter>Source Files\std</Filter>
    </ClInclude>
    <ClInclude Include="src\vm\dict.h">
      <Filter>Source Files\vm</Filter>
    </ClInclude>
    <ClInclude Include="src\inc\uuid4.h">
      <Filter>Source Files\inc</Filter>
    </ClInclude>
  </ItemGroup>
  <ItemGroup>
    <Text Include="test\others\file_input.txt">
      <Filter>Test Files\others</Filter>
    </Text>
    <Text Include="test\others\file_output.txt">
      <Filter>Test Files\others</Filter>
    </Text>
  </ItemGroup>
</Project>